Microsoft Visual Studio Solution File, Format Version 12.00
# Visual Studio Version 17
VisualStudioVersion = 17.5.2.0
MinimumVisualStudioVersion = 10.0.40219.1
Project("{2150E333-8FDC-42A3-9474-1A3956D46DE8}") = "api-dotnet", "api-dotnet", "{63619B0A-1656-1D74-FE7C-8394D7436D49}"
EndProject
Project("{FAE04EC0-301F-11D3-BF4B-00C04F79EFBC}") = "Api", "api-dotnet\Api\Api.csproj", "{A165D6A5-D27A-896C-70C8-3BD02FADB08B}"
EndProject
Global
	GlobalSection(SolutionConfigurationPlatforms) = preSolution
		Debug|Any CPU = Debug|Any CPU
		Release|Any CPU = Release|Any CPU
	EndGlobalSection
	GlobalSection(ProjectConfigurationPlatforms) = postSolution
		{A165D6A5-D27A-896C-70C8-3BD02FADB08B}.Debug|Any CPU.ActiveCfg = Debug|Any CPU
		{A165D6A5-D27A-896C-70C8-3BD02FADB08B}.Debug|Any CPU.Build.0 = Debug|Any CPU
		{A165D6A5-D27A-896C-70C8-3BD02FADB08B}.Release|Any CPU.ActiveCfg = Release|Any CPU
		{A165D6A5-D27A-896C-70C8-3BD02FADB08B}.Release|Any CPU.Build.0 = Release|Any CPU
	EndGlobalSection
	GlobalSection(SolutionProperties) = preSolution
		HideSolutionNode = FALSE
	EndGlobalSection
	GlobalSection(NestedProjects) = preSolution
		{A165D6A5-D27A-896C-70C8-3BD02FADB08B} = {63619B0A-1656-1D74-FE7C-8394D7436D49}
	EndGlobalSection
	GlobalSection(ExtensibilityGlobals) = postSolution
		SolutionGuid = {BA72F4B4-1DBF-4908-9B8B-E63471D8A19D}
	EndGlobalSection
EndGlobal
